
Microsoft Visual Studio Solution File, Format Version 12.00
# Visual Studio Version 17
VisualStudioVersion = 17.8.34330.188
MinimumVisualStudioVersion = 10.0.40219.1
Project("{FAE04EC0-301F-11D3-BF4B-00C04F79EFBC}") = "TicTacToe", "TicTacToe.csproj", "{95B936E2-7D7A-4232-86D0-E0B9110BE0EC}"
EndProject
Global
	GlobalSection(SolutionConfigurationPlatforms) = preSolution
		Debug|Any CPU = Debug|Any CPU
		Release|Any CPU = Release|Any CPU
	EndGlobalSection
	GlobalSection(ProjectConfigurationPlatforms) = postSolution
		{95B936E2-7D7A-4232-86D0-E0B9110BE0EC}.Debug|Any CPU.ActiveCfg = Debug|Any CPU
		{95B936E2-7D7A-4232-86D0-E0B9110BE0EC}.Debug|Any CPU.Build.0 = Debug|Any CPU
		{95B936E2-7D7A-4232-86D0-E0B9110BE0EC}.Release|Any CPU.ActiveCfg = Release|Any CPU
		{95B936E2-7D7A-4232-86D0-E0B9110BE0EC}.Release|Any CPU.Build.0 = Release|Any CPU
	EndGlobalSection
	GlobalSection(SolutionProperties) = preSolution
		HideSolutionNode = FALSE
	EndGlobalSection
	GlobalSection(ExtensibilityGlobals) = postSolution
		SolutionGuid = {91A1B893-3783-4648-8285-3911CD4042F5}
	EndGlobalSection
EndGlobal
